
Microsoft Visual Studio Solution File, Format Version 12.00
# Visual Studio Version 17
VisualStudioVersion = 17.8.34330.188
MinimumVisualStudioVersion = 10.0.40219.1
Project("{9A19103F-16F7-4668-BE54-9A1E7A4F7556}") = "uk.co.edgewords.wakefield", "uk.co.edgewords.wakefield\uk.co.edgewords.wakefield.csproj", "{F888C65A-7A23-4689-8574-B75CA950CE29}"
EndProject
Project("{2150E333-8FDC-42A3-9474-1A3956D46DE8}") = "Solution Items", "Solution Items", "{549922FD-3E09-4841-A311-2BF5E30A3284}"
	ProjectSection(SolutionItems) = preProject
		data.csv = data.csv
	EndProjectSection
EndProject
Global
	GlobalSection(SolutionConfigurationPlatforms) = preSolution
		Debug|Any CPU = Debug|Any CPU
		Release|Any CPU = Release|Any CPU
	EndGlobalSection
	GlobalSection(ProjectConfigurationPlatforms) = postSolution
		{F888C65A-7A23-4689-8574-B75CA950CE29}.Debug|Any CPU.ActiveCfg = Debug|Any CPU
		{F888C65A-7A23-4689-8574-B75CA950CE29}.Debug|Any CPU.Build.0 = Debug|Any CPU
		{F888C65A-7A23-4689-8574-B75CA950CE29}.Release|Any CPU.ActiveCfg = Release|Any CPU
		{F888C65A-7A23-4689-8574-B75CA950CE29}.Release|Any CPU.Build.0 = Release|Any CPU
	EndGlobalSection
	GlobalSection(SolutionProperties) = preSolution
		HideSolutionNode = FALSE
	EndGlobalSection
	GlobalSection(ExtensibilityGlobals) = postSolution
		SolutionGuid = {FDCD8A21-8603-4DF6-8551-49FC87FB0471}
	EndGlobalSection
EndGlobal
